
Microsoft Visual Studio Solution File, Format Version 12.00
# Visual Studio 15
VisualStudioVersion = 15.0.27703.2042
MinimumVisualStudioVersion = 10.0.40219.1
Project("{9A19103F-16F7-4668-BE54-9A1E7A4F7556}") = "PriceCalculator", "PriceCalculator\PriceCalculator\PriceCalculator.csproj", "{AA1BF4BE-B8D6-4915-867E-59030FD395B0}"
EndProject
Project("{FAE04EC0-301F-11D3-BF4B-00C04F79EFBC}") = "PriceCalculator.Android", "PriceCalculator\PriceCalculator.Android\PriceCalculator.Android.csproj", "{4657AEB7-1324-424B-8133-91A62EFE8E63}"
EndProject
Project("{FAE04EC0-301F-11D3-BF4B-00C04F79EFBC}") = "PriceCalculator.iOS", "PriceCalculator\PriceCalculator.iOS\PriceCalculator.iOS.csproj", "{F9C8A4C3-57A8-45D6-B63C-D51157A2A0B5}"
EndProject
Global
	GlobalSection(SolutionConfigurationPlatforms) = preSolution
		Ad-Hoc|Any CPU = Ad-Hoc|Any CPU
		Ad-Hoc|iPhone = Ad-Hoc|iPhone
		Ad-Hoc|iPhoneSimulator = Ad-Hoc|iPhoneSimulator
		AppStore|Any CPU = AppStore|Any CPU
		AppStore|iPhone = AppStore|iPhone
		AppStore|iPhoneSimulator = AppStore|iPhoneSimulator
		Debug|Any CPU = Debug|Any CPU
		Debug|iPhone = Debug|iPhone
		Debug|iPhoneSimulator = Debug|iPhoneSimulator
		Release|Any CPU = Release|Any CPU
		Release|iPhone = Release|iPhone
		Release|iPhoneSimulator = Release|iPhoneSimulator
	EndGlobalSection
	GlobalSection(ProjectConfigurationPlatforms) = postSolution
		{AA1BF4BE-B8D6-4915-867E-59030FD395B0}.Ad-Hoc|Any CPU.ActiveCfg = Debug|Any CPU
		{AA1BF4BE-B8D6-4915-867E-59030FD395B0}.Ad-Hoc|Any CPU.Build.0 = Debug|Any CPU
		{AA1BF4BE-B8D6-4915-867E-59030FD395B0}.Ad-Hoc|iPhone.ActiveCfg = Debug|Any CPU
		{AA1BF4BE-B8D6-4915-867E-59030FD395B0}.Ad-Hoc|iPhone.Build.0 = Debug|Any CPU
		{AA1BF4BE-B8D6-4915-867E-59030FD395B0}.Ad-Hoc|iPhoneSimulator.ActiveCfg = Debug|Any CPU
		{AA1BF4BE-B8D6-4915-867E-59030FD395B0}.Ad-Hoc|iPhoneSimulator.Build.0 = Debug|Any CPU
		{AA1BF4BE-B8D6-4915-867E-59030FD395B0}.AppStore|Any CPU.ActiveCfg = Debug|Any CPU
		{AA1BF4BE-B8D6-4915-867E-59030FD395B0}.AppStore|Any CPU.Build.0 = Debug|Any CPU
		{AA1BF4BE-B8D6-4915-867E-59030FD395B0}.AppStore|iPhone.ActiveCfg = Debug|Any CPU
		{AA1BF4BE-B8D6-4915-867E-59030FD395B0}.AppStore|iPhone.Build.0 = Debug|Any CPU
		{AA1BF4BE-B8D6-4915-867E-59030FD395B0}.AppStore|iPhoneSimulator.ActiveCfg = Debug|Any CPU
		{AA1BF4BE-B8D6-4915-867E-59030FD395B0}.AppStore|iPhoneSimulator.Build.0 = Debug|Any CPU
		{AA1BF4BE-B8D6-4915-867E-59030FD395B0}.Debug|Any CPU.ActiveCfg = Debug|Any CPU
		{AA1BF4BE-B8D6-4915-867E-59030FD395B0}.Debug|Any CPU.Build.0 = Debug|Any CPU
		{AA1BF4BE-B8D6-4915-867E-59030FD395B0}.Debug|iPhone.ActiveCfg = Debug|Any CPU
		{AA1BF4BE-B8D6-4915-867E-59030FD395B0}.Debug|iPhone.Build.0 = Debug|Any CPU
		{AA1BF4BE-B8D6-4915-867E-59030FD395B0}.Debug|iPhoneSimulator.ActiveCfg = Debug|Any CPU
		{AA1BF4BE-B8D6-4915-867E-59030FD395B0}.Debug|iPhoneSimulator.Build.0 = Debug|Any CPU
		{AA1BF4BE-B8D6-4915-867E-59030FD395B0}.Release|Any CPU.ActiveCfg = Release|Any CPU
		{AA1BF4BE-B8D6-4915-867E-59030FD395B0}.Release|Any CPU.Build.0 = Release|Any CPU
		{AA1BF4BE-B8D6-4915-867E-59030FD395B0}.Release|iPhone.ActiveCfg = Release|Any CPU
		{AA1BF4BE-B8D6-4915-867E-59030FD395B0}.Release|iPhone.Build.0 = Release|Any CPU
		{AA1BF4BE-B8D6-4915-867E-59030FD395B0}.Release|iPhoneSimulator.ActiveCfg = Release|Any CPU
		{AA1BF4BE-B8D6-4915-867E-59030FD395B0}.Release|iPhoneSimulator.Build.0 = Release|Any CPU
		{4657AEB7-1324-424B-8133-91A62EFE8E63}.Ad-Hoc|Any CPU.ActiveCfg = Release|Any CPU
		{4657AEB7-1324-424B-8133-91A62EFE8E63}.Ad-Hoc|Any CPU.Build.0 = Release|Any CPU
		{4657AEB7-1324-424B-8133-91A62EFE8E63}.Ad-Hoc|Any CPU.Deploy.0 = Release|Any CPU
		{4657AEB7-1324-424B-8133-91A62EFE8E63}.Ad-Hoc|iPhone.ActiveCfg = Release|Any CPU
		{4657AEB7-1324-424B-8133-91A62EFE8E63}.Ad-Hoc|iPhone.Build.0 = Release|Any CPU
		{4657AEB7-1324-424B-8133-91A62EFE8E63}.Ad-Hoc|iPhone.Deploy.0 = Release|Any CPU
		{4657AEB7-1324-424B-8133-91A62EFE8E63}.Ad-Hoc|iPhoneSimulator.ActiveCfg = Release|Any CPU
		{4657AEB7-1324-424B-8133-91A62EFE8E63}.Ad-Hoc|iPhoneSimulator.Build.0 = Release|Any CPU
		{4657AEB7-1324-424B-8133-91A62EFE8E63}.Ad-Hoc|iPhoneSimulator.Deploy.0 = Release|Any CPU
		{4657AEB7-1324-424B-8133-91A62EFE8E63}.AppStore|Any CPU.ActiveCfg = Release|Any CPU
		{4657AEB7-1324-424B-8133-91A62EFE8E63}.AppStore|Any CPU.Build.0 = Release|Any CPU
		{4657AEB7-1324-424B-8133-91A62EFE8E63}.AppStore|Any CPU.Deploy.0 = Release|Any CPU
		{4657AEB7-1324-424B-8133-91A62EFE8E63}.AppStore|iPhone.ActiveCfg = Release|Any CPU
		{4657AEB7-1324-424B-8133-91A62EFE8E63}.AppStore|iPhone.Build.0 = Release|Any CPU
		{4657AEB7-1324-424B-8133-91A62EFE8E63}.AppStore|iPhone.Deploy.0 = Release|Any CPU
		{4657AEB7-1324-424B-8133-91A62EFE8E63}.AppStore|iPhoneSimulator.ActiveCfg = Release|Any CPU
		{4657AEB7-1324-424B-8133-91A62EFE8E63}.AppStore|iPhoneSimulator.Build.0 = Release|Any CPU
		{4657AEB7-1324-424B-8133-91A62EFE8E63}.AppStore|iPhoneSimulator.Deploy.0 = Release|Any CPU
		{4657AEB7-1324-424B-8133-91A62EFE8E63}.Debug|Any CPU.ActiveCfg = Debug|Any CPU
		{4657AEB7-1324-424B-8133-91A62EFE8E63}.Debug|Any CPU.Build.0 = Debug|Any CPU
		{4657AEB7-1324-424B-8133-91A62EFE8E63}.Debug|Any CPU.Deploy.0 = Debug|Any CPU
		{4657AEB7-1324-424B-8133-91A62EFE8E63}.Debug|iPhone.ActiveCfg = Debug|Any CPU
		{4657AEB7-1324-424B-8133-91A62EFE8E63}.Debug|iPhone.Build.0 = Debug|Any CPU
		{4657AEB7-1324-424B-8133-91A62EFE8E63}.Debug|iPhone.Deploy.0 = Debug|Any CPU
		{4657AEB7-1324-424B-8133-91A62EFE8E63}.Debug|iPhoneSimulator.ActiveCfg = Debug|Any CPU
		{4657AEB7-1324-424B-8133-91A62EFE8E63}.Debug|iPhoneSimulator.Build.0 = Debug|Any CPU
		{4657AEB7-1324-424B-8133-91A62EFE8E63}.Debug|iPhoneSimulator.Deploy.0 = Debug|Any CPU
		{4657AEB7-1324-424B-8133-91A62EFE8E63}.Release|Any CPU.ActiveCfg = Release|Any CPU
		{4657AEB7-1324-424B-8133-91A62EFE8E63}.Release|Any CPU.Build.0 = Release|Any CPU
		{4657AEB7-1324-424B-8133-91A62EFE8E63}.Release|Any CPU.Deploy.0 = Release|Any CPU
		{4657AEB7-1324-424B-8133-91A62EFE8E63}.Release|iPhone.ActiveCfg = Release|Any CPU
		{4657AEB7-1324-424B-8133-91A62EFE8E63}.Release|iPhone.Build.0 = Release|Any CPU
		{4657AEB7-1324-424B-8133-91A62EFE8E63}.Release|iPhone.Deploy.0 = Release|Any CPU
		{4657AEB7-1324-424B-8133-91A62EFE8E63}.Release|iPhoneSimulator.ActiveCfg = Release|Any CPU
		{4657AEB7-1324-424B-8133-91A62EFE8E63}.Release|iPhoneSimulator.Build.0 = Release|Any CPU
		{4657AEB7-1324-424B-8133-91A62EFE8E63}.Release|iPhoneSimulator.Deploy.0 = Release|Any CPU
		{F9C8A4C3-57A8-45D6-B63C-D51157A2A0B5}.Ad-Hoc|Any CPU.ActiveCfg = Ad-Hoc|iPhone
		{F9C8A4C3-57A8-45D6-B63C-D51157A2A0B5}.Ad-Hoc|iPhone.ActiveCfg = Ad-Hoc|iPhone
		{F9C8A4C3-57A8-45D6-B63C-D51157A2A0B5}.Ad-Hoc|iPhone.Build.0 = Ad-Hoc|iPhone
		{F9C8A4C3-57A8-45D6-B63C-D51157A2A0B5}.Ad-Hoc|iPhoneSimulator.ActiveCfg = Ad-Hoc|iPhoneSimulator
		{F9C8A4C3-57A8-45D6-B63C-D51157A2A0B5}.Ad-Hoc|iPhoneSimulator.Build.0 = Ad-Hoc|iPhoneSimulator
		{F9C8A4C3-57A8-45D6-B63C-D51157A2A0B5}.AppStore|Any CPU.ActiveCfg = AppStore|iPhone
		{F9C8A4C3-57A8-45D6-B63C-D51157A2A0B5}.AppStore|iPhone.ActiveCfg = AppStore|iPhone
		{F9C8A4C3-57A8-45D6-B63C-D51157A2A0B5}.AppStore|iPhone.Build.0 = AppStore|iPhone
		{F9C8A4C3-57A8-45D6-B63C-D51157A2A0B5}.AppStore|iPhoneSimulator.ActiveCfg = AppStore|iPhoneSimulator
		{F9C8A4C3-57A8-45D6-B63C-D51157A2A0B5}.AppStore|iPhoneSimulator.Build.0 = AppStore|iPhoneSimulator
		{F9C8A4C3-57A8-45D6-B63C-D51157A2A0B5}.Debug|Any CPU.ActiveCfg = Debug|iPhone
		{F9C8A4C3-57A8-45D6-B63C-D51157A2A0B5}.Debug|iPhone.ActiveCfg = Debug|iPhone
		{F9C8A4C3-57A8-45D6-B63C-D51157A2A0B5}.Debug|iPhone.Build.0 = Debug|iPhone
		{F9C8A4C3-57A8-45D6-B63C-D51157A2A0B5}.Debug|iPhoneSimulator.ActiveCfg = Debug|iPhoneSimulator
		{F9C8A4C3-57A8-45D6-B63C-D51157A2A0B5}.Debug|iPhoneSimulator.Build.0 = Debug|iPhoneSimulator
		{F9C8A4C3-57A8-45D6-B63C-D51157A2A0B5}.Release|Any CPU.ActiveCfg = Release|iPhone
		{F9C8A4C3-57A8-45D6-B63C-D51157A2A0B5}.Release|iPhone.ActiveCfg = Release|iPhone
		{F9C8A4C3-57A8-45D6-B63C-D51157A2A0B5}.Release|iPhone.Build.0 = Release|iPhone
		{F9C8A4C3-57A8-45D6-B63C-D51157A2A0B5}.Release|iPhoneSimulator.ActiveCfg = Release|iPhoneSimulator
		{F9C8A4C3-57A8-45D6-B63C-D51157A2A0B5}.Release|iPhoneSimulator.Build.0 = Release|iPhoneSimulator
	EndGlobalSection
	GlobalSection(SolutionProperties) = preSolution
		HideSolutionNode = FALSE
	EndGlobalSection
	GlobalSection(ExtensibilityGlobals) = postSolution
		SolutionGuid = {A8A3B3B8-7A79-40A2-A300-0864555602DB}
	EndGlobalSection
EndGlobal
